// !$*UTF8*$!
{
	archiveVersion = 1;
	classes = {
	};
	objectVersion = 56;
	objects = {

/* Begin PBXBuildFile section */
		27564DAE2BC07A03003F3E8C /* NavigationStackDemoApp.swift in Sources */ = {isa = PBXBuildFile; fileRef = 27564DAD2BC07A03003F3E8C /* NavigationStackDemoApp.swift */; };
		27564DB02BC07A03003F3E8C /* ContentView.swift in Sources */ = {isa = PBXBuildFile; fileRef = 27564DAF2BC07A03003F3E8C /* ContentView.swift */; };
		27564DB22BC07A05003F3E8C /* Assets.xcassets in Resources */ = {isa = PBXBuildFile; fileRef = 27564DB12BC07A05003F3E8C /* Assets.xcassets */; };
		27564DB52BC07A05003F3E8C /* Preview Assets.xcassets in Resources */ = {isa = PBXBuildFile; fileRef = 27564DB42BC07A05003F3E8C /* Preview Assets.xcassets */; };
		27564DBF2BC07A05003F3E8C /* NavigationStackDemoTests.swift in Sources */ = {isa = PBXBuildFile; fileRef = 27564DBE2BC07A05003F3E8C /* NavigationStackDemoTests.swift */; };
		27564DC92BC07A05003F3E8C /* NavigationStackDemoUITests.swift in Sources */ = {isa = PBXBuildFile; fileRef = 27564DC82BC07A05003F3E8C /* NavigationStackDemoUITests.swift */; };
		27564DCB2BC07A05003F3E8C /* NavigationStackDemoUITestsLaunchTests.swift in Sources */ = {isa = PBXBuildFile; fileRef = 27564DCA2BC07A05003F3E8C /* NavigationStackDemoUITestsLaunchTests.swift */; };
/* End PBXBuildFile section */

/* Begin PBXContainerItemProxy section */
		27564DBB2BC07A05003F3E8C /* PBXContainerItemProxy */ = {
			isa = PBXContainerItemProxy;
			containerPortal = 27564DA22BC07A03003F3E8C /* Project object */;
			proxyType = 1;
			remoteGlobalIDString = 27564DA92BC07A03003F3E8C;
			remoteInfo = NavigationStackDemo;
		};
		27564DC52BC07A05003F3E8C /* PBXContainerItemProxy */ = {
			isa = PBXContainerItemProxy;
			containerPortal = 27564DA22BC07A03003F3E8C /* Project object */;
			proxyType = 1;
			remoteGlobalIDString = 27564DA92BC07A03003F3E8C;
			remoteInfo = NavigationStackDemo;
		};
/* End PBXContainerItemProxy section */

/* Begin PBXFileReference section */
		27564DAA2BC07A03003F3E8C /* NavigationStackDemo.app */ = {isa = PBXFileReference; explicitFileType = wrapper.application; includeInIndex = 0; path = NavigationStackDemo.app; sourceTree = BUILT_PRODUCTS_DIR; };
		27564DAD2BC07A03003F3E8C /* NavigationStackDemoApp.swift */ = {isa = PBXFileReference; lastKnownFileType = sourcecode.swift; path = NavigationStackDemoApp.swift; sourceTree = "<group>"; };
		27564DAF2BC07A03003F3E8C /* ContentView.swift */ = {isa = PBXFileReference; lastKnownFileType = sourcecode.swift; path = ContentView.swift; sourceTree = "<group>"; };
		27564DB12BC07A05003F3E8C /* Assets.xcassets */ = {isa = PBXFileReference; lastKnownFileType = folder.assetcatalog; path = Assets.xcassets; sourceTree = "<group>"; };
		27564DB42BC07A05003F3E8C /* Preview Assets.xcassets */ = {isa = PBXFileReference; lastKnownFileType = folder.assetcatalog; path = "Preview Assets.xcassets"; sourceTree = "<group>"; };
		27564DBA2BC07A05003F3E8C /* NavigationStackDemoTests.xctest */ = {isa = PBXFileReference; explicitFileType = wrapper.cfbundle; includeInIndex = 0; path = NavigationStackDemoTests.xctest; sourceTree = BUILT_PRODUCTS_DIR; };
		27564DBE2BC07A05003F3E8C /* NavigationStackDemoTests.swift */ = {isa = PBXFileReference; lastKnownFileType = sourcecode.swift; path = NavigationStackDemoTests.swift; sourceTree = "<group>"; };
		27564DC42BC07A05003F3E8C /* NavigationStackDemoUITests.xctest */ = {isa = PBXFileReference; explicitFileType = wrapper.cfbundle; includeInIndex = 0; path = NavigationStackDemoUITests.xctest; sourceTree = BUILT_PRODUCTS_DIR; };
		27564DC82BC07A05003F3E8C /* NavigationStackDemoUITests.swift */ = {isa = PBXFileReference; lastKnownFileType = sourcecode.swift; path = NavigationStackDemoUITests.swift; sourceTree = "<group>"; };
		27564DCA2BC07A05003F3E8C /* NavigationStackDemoUITestsLaunchTests.swift */ = {isa = PBXFileReference; lastKnownFileType = sourcecode.swift; path = NavigationStackDemoUITestsLaunchTests.swift; sourceTree = "<group>"; };
/* End PBXFileReference section */

/* Begin PBXFrameworksBuildPhase section */
		27564DA72BC07A03003F3E8C /* Frameworks */ = {
			isa = PBXFrameworksBuildPhase;
			buildActionMask = 2147483647;
			files = (
			);
			runOnlyForDeploymentPostprocessing = 0;
		};
		27564DB72BC07A05003F3E8C /* Frameworks */ = {
			isa = PBXFrameworksBuildPhase;
			buildActionMask = 2147483647;
			files = (
			);
			runOnlyForDeploymentPostprocessing = 0;
		};
		27564DC12BC07A05003F3E8C /* Frameworks */ = {
			isa = PBXFrameworksBuildPhase;
			buildActionMask = 2147483647;
			files = (
			);
			runOnlyForDeploymentPostprocessing = 0;
		};
/* End PBXFrameworksBuildPhase section */

/* Begin PBXGroup section */
		27564DA12BC07A03003F3E8C = {
			isa = PBXGroup;
			children = (
				27564DAC2BC07A03003F3E8C /* NavigationStackDemo */,
				27564DBD2BC07A05003F3E8C /* NavigationStackDemoTests */,
				27564DC72BC07A05003F3E8C /* NavigationStackDemoUITests */,
				27564DAB2BC07A03003F3E8C /* Products */,
			);
			sourceTree = "<group>";
		};
		27564DAB2BC07A03003F3E8C /* Products */ = {
			isa = PBXGroup;
			children = (
				27564DAA2BC07A03003F3E8C /* NavigationStackDemo.app */,
				27564DBA2BC07A05003F3E8C /* NavigationStackDemoTests.xctest */,
				27564DC42BC07A05003F3E8C /* NavigationStackDemoUITests.xctest */,
			);
			name = Products;
			sourceTree = "<group>";
		};
		27564DAC2BC07A03003F3E8C /* NavigationStackDemo */ = {
			isa = PBXGroup;
			children = (
				27564DAD2BC07A03003F3E8C /* NavigationStackDemoApp.swift */,
				27564DAF2BC07A03003F3E8C /* ContentView.swift */,
				27564DB12BC07A05003F3E8C /* Assets.xcassets */,
				27564DB32BC07A05003F3E8C /* Preview Content */,
			);
			path = NavigationStackDemo;
			sourceTree = "<group>";
		};
		27564DB32BC07A05003F3E8C /* Preview Content */ = {
			isa = PBXGroup;
			children = (
				27564DB42BC07A05003F3E8C /* Preview Assets.xcassets */,
			);
			path = "Preview Content";
			sourceTree = "<group>";
		};
		27564DBD2BC07A05003F3E8C /* NavigationStackDemoTests */ = {
			isa = PBXGroup;
			children = (
				27564DBE2BC07A05003F3E8C /* NavigationStackDemoTests.swift */,
			);
			path = NavigationStackDemoTests;
			sourceTree = "<group>";
		};
		27564DC72BC07A05003F3E8C /* NavigationStackDemoUITests */ = {
			isa = PBXGroup;
			children = (
				27564DC82BC07A05003F3E8C /* NavigationStackDemoUITests.swift */,
				27564DCA2BC07A05003F3E8C /* NavigationStackDemoUITestsLaunchTests.swift */,
			);
			path = NavigationStackDemoUITests;
			sourceTree = "<group>";
		};
/* End PBXGroup section */

/* Begin PBXNativeTarget section */
		27564DA92BC07A03003F3E8C /* NavigationStackDemo */ = {
			isa = PBXNativeTarget;
			buildConfigurationList = 27564DCE2BC07A05003F3E8C /* Build configuration list for PBXNativeTarget "NavigationStackDemo" */;
			buildPhases = (
				27564DA62BC07A03003F3E8C /* Sources */,
				27564DA72BC07A03003F3E8C /* Frameworks */,
				27564DA82BC07A03003F3E8C /* Resources */,
			);
			buildRules = (
			);
			dependencies = (
			);
			name = NavigationStackDemo;
			productName = NavigationStackDemo;
			productReference = 27564DAA2BC07A03003F3E8C /* NavigationStackDemo.app */;
			productType = "com.apple.product-type.application";
		};
		27564DB92BC07A05003F3E8C /* NavigationStackDemoTests */ = {
			isa = PBXNativeTarget;
			buildConfigurationList = 27564DD12BC07A05003F3E8C /* Build configuration list for PBXNativeTarget "NavigationStackDemoTests" */;
			buildPhases = (
				27564DB62BC07A05003F3E8C /* Sources */,
				27564DB72BC07A05003F3E8C /* Frameworks */,
				27564DB82BC07A05003F3E8C /* Resources */,
			);
			buildRules = (
			);
			dependencies = (
				27564DBC2BC07A05003F3E8C /* PBXTargetDependency */,
			);
			name = NavigationStackDemoTests;
			productName = NavigationStackDemoTests;
			productReference = 27564DBA2BC07A05003F3E8C /* NavigationStackDemoTests.xctest */;
			productType = "com.apple.product-type.bundle.unit-test";
		};
		27564DC32BC07A05003F3E8C /* NavigationStackDemoUITests */ = {
			isa = PBXNativeTarget;
			buildConfigurationList = 27564DD42BC07A05003F3E8C /* Build configuration list for PBXNativeTarget "NavigationStackDemoUITests" */;
			buildPhases = (
				27564DC02BC07A05003F3E8C /* Sources */,
				27564DC12BC07A05003F3E8C /* Frameworks */,
				27564DC22BC07A05003F3E8C /* Resources */,
			);
			buildRules = (
			);
			dependencies = (
				27564DC62BC07A05003F3E8C /* PBXTargetDependency */,
			);
			name = NavigationStackDemoUITests;
			productName = NavigationStackDemoUITests;
			productReference = 27564DC42BC07A05003F3E8C /* NavigationStackDemoUITests.xctest */;
			productType = "com.apple.product-type.bundle.ui-testing";
		};
/* End PBXNativeTarget section */

/* Begin PBXProject section */
		27564DA22BC07A03003F3E8C /* Project object */ = {
			isa = PBXProject;
			attributes = {
				BuildIndependentTargetsInParallel = 1;
				LastSwiftUpdateCheck = 1520;
				LastUpgradeCheck = 1520;
				TargetAttributes = {
					27564DA92BC07A03003F3E8C = {
						CreatedOnToolsVersion = 15.2;
					};
					27564DB92BC07A05003F3E8C = {
						CreatedOnToolsVersion = 15.2;
						TestTargetID = 27564DA92BC07A03003F3E8C;
					};
					27564DC32BC07A05003F3E8C = {
						CreatedOnToolsVersion = 15.2;
						TestTargetID = 27564DA92BC07A03003F3E8C;
					};
				};
			};
			buildConfigurationList = 27564DA52BC07A03003F3E8C /* Build configuration list for PBXProject "NavigationStackDemo" */;
			compatibilityVersion = "Xcode 14.0";
			developmentRegion = en;
			hasScannedForEncodings = 0;
			knownRegions = (
				en,
				Base,
			);
			mainGroup = 27564DA12BC07A03003F3E8C;
			productRefGroup = 27564DAB2BC07A03003F3E8C /* Products */;
			projectDirPath = "";
			projectRoot = "";
			targets = (
				27564DA92BC07A03003F3E8C /* NavigationStackDemo */,
				27564DB92BC07A05003F3E8C /* NavigationStackDemoTests */,
				27564DC32BC07A05003F3E8C /* NavigationStackDemoUITests */,
			);
		};
/* End PBXProject section */

/* Begin PBXResourcesBuildPhase section */
		27564DA82BC07A03003F3E8C /* Resources */ = {
			isa = PBXResourcesBuildPhase;
			buildActionMask = 2147483647;
			files = (
				27564DB52BC07A05003F3E8C /* Preview Assets.xcassets in Resources */,
				27564DB22BC07A05003F3E8C /* Assets.xcassets in Resources */,
			);
			runOnlyForDeploymentPostprocessing = 0;
		};
		27564DB82BC07A05003F3E8C /* Resources */ = {
			isa = PBXResourcesBuildPhase;
			buildActionMask = 2147483647;
			files = (
			);
			runOnlyForDeploymentPostprocessing = 0;
		};
		27564DC22BC07A05003F3E8C /* Resources */ = {
			isa = PBXResourcesBuildPhase;
			buildActionMask = 2147483647;
			files = (
			);
			runOnlyForDeploymentPostprocessing = 0;
		};
/* End PBXResourcesBuildPhase section */

/* Begin PBXSourcesBuildPhase section */
		27564DA62BC07A03003F3E8C /* Sources */ = {
			isa = PBXSourcesBuildPhase;
			buildActionMask = 2147483647;
			files = (
				27564DB02BC07A03003F3E8C /* ContentView.swift in Sources */,
				27564DAE2BC07A03003F3E8C /* NavigationStackDemoApp.swift in Sources */,
			);
			runOnlyForDeploymentPostprocessing = 0;
		};
		27564DB62BC07A05003F3E8C /* Sources */ = {
			isa = PBXSourcesBuildPhase;
			buildActionMask = 2147483647;
			files = (
				27564DBF2BC07A05003F3E8C /* NavigationStackDemoTests.swift in Sources */,
			);
			runOnlyForDeploymentPostprocessing = 0;
		};
		27564DC02BC07A05003F3E8C /* Sources */ = {
			isa = PBXSourcesBuildPhase;
			buildActionMask = 2147483647;
			files = (
				27564DCB2BC07A05003F3E8C /* NavigationStackDemoUITestsLaunchTests.swift in Sources */,
				27564DC92BC07A05003F3E8C /* NavigationStackDemoUITests.swift in Sources */,
			);
			runOnlyForDeploymentPostprocessing = 0;
		};
/* End PBXSourcesBuildPhase section */

/* Begin PBXTargetDependency section */
		27564DBC2BC07A05003F3E8C /* PBXTargetDependency */ = {
			isa = PBXTargetDependency;
			target = 27564DA92BC07A03003F3E8C /* NavigationStackDemo */;
			targetProxy = 27564DBB2BC07A05003F3E8C /* PBXContainerItemProxy */;
		};
		27564DC62BC07A05003F3E8C /* PBXTargetDependency */ = {
			isa = PBXTargetDependency;
			target = 27564DA92BC07A03003F3E8C /* NavigationStackDemo */;
			targetProxy = 27564DC52BC07A05003F3E8C /* PBXContainerItemProxy */;
		};
/* End PBXTargetDependency section */

/* Begin XCBuildConfiguration section */
		27564DCC2BC07A05003F3E8C /* Debug */ = {
			isa = XCBuildConfiguration;
			buildSettings = {
				ALWAYS_SEARCH_USER_PATHS = NO;
				ASSETCATALOG_COMPILER_GENERATE_SWIFT_ASSET_SYMBOL_EXTENSIONS = YES;
				CLANG_ANALYZER_NONNULL = YES;
				CLANG_ANALYZER_NUMBER_OBJECT_CONVERSION = YES_AGGRESSIVE;
				CLANG_CXX_LANGUAGE_STANDARD = "gnu++20";
				CLANG_ENABLE_MODULES = YES;
				CLANG_ENABLE_OBJC_ARC = YES;
				CLANG_ENABLE_OBJC_WEAK = YES;
				CLANG_WARN_BLOCK_CAPTURE_AUTORELEASING = YES;
				CLANG_WARN_BOOL_CONVERSION = YES;
				CLANG_WARN_COMMA = YES;
				CLANG_WARN_CONSTANT_CONVERSION = YES;
				CLANG_WARN_DEPRECATED_OBJC_IMPLEMENTATIONS = YES;
				CLANG_WARN_DIRECT_OBJC_ISA_USAGE = YES_ERROR;
				CLANG_WARN_DOCUMENTATION_COMMENTS = YES;
				CLANG_WARN_EMPTY_BODY = YES;
				CLANG_WARN_ENUM_CONVERSION = YES;
				CLANG_WARN_INFINITE_RECURSION = YES;
				CLANG_WARN_INT_CONVERSION = YES;
				CLANG_WARN_NON_LITERAL_NULL_CONVERSION = YES;
				CLANG_WARN_OBJC_IMPLICIT_RETAIN_SELF = YES;
				CLANG_WARN_OBJC_LITERAL_CONVERSION = YES;
				CLANG_WARN_OBJC_ROOT_CLASS = YES_ERROR;
				CLANG_WARN_QUOTED_INCLUDE_IN_FRAMEWORK_HEADER = YES;
				CLANG_WARN_RANGE_LOOP_ANALYSIS = YES;
				CLANG_WARN_STRICT_PROTOTYPES = YES;
				CLANG_WARN_SUSPICIOUS_MOVE = YES;
				CLANG_WARN_UNGUARDED_AVAILABILITY = YES_AGGRESSIVE;
				CLANG_WARN_UNREACHABLE_CODE = YES;
				CLANG_WARN__DUPLICATE_METHOD_MATCH = YES;
				COPY_PHASE_STRIP = NO;
				DEBUG_INFORMATION_FORMAT = dwarf;
				ENABLE_STRICT_OBJC_MSGSEND = YES;
				ENABLE_TESTABILITY = YES;
				ENABLE_USER_SCRIPT_SANDBOXING = YES;
				GCC_C_LANGUAGE_STANDARD = gnu17;
				GCC_DYNAMIC_NO_PIC = NO;
				GCC_NO_COMMON_BLOCKS = YES;
				GCC_OPTIMIZATION_LEVEL = 0;
				GCC_PREPROCESSOR_DEFINITIONS = (
					"DEBUG=1",
					"$(inherited)",
				);
				GCC_WARN_64_TO_32_BIT_CONVERSION = YES;
				GCC_WARN_ABOUT_RETURN_TYPE = YES_ERROR;
				GCC_WARN_UNDECLARED_SELECTOR = YES;
				GCC_WARN_UNINITIALIZED_AUTOS = YES_AGGRESSIVE;
				GCC_WARN_UNUSED_FUNCTION = YES;
				GCC_WARN_UNUSED_VARIABLE = YES;
				IPHONEOS_DEPLOYMENT_TARGET = 17.2;
				LOCALIZATION_PREFERS_STRING_CATALOGS = YES;
				MTL_ENABLE_DEBUG_INFO = INCLUDE_SOURCE;
				MTL_FAST_MATH = YES;
				ONLY_ACTIVE_ARCH = YES;
				SDKROOT = iphoneos;
				SWIFT_ACTIVE_COMPILATION_CONDITIONS = "DEBUG $(inherited)";
				SWIFT_OPTIMIZATION_LEVEL = "-Onone";
			};
			name = Debug;
		};
		27564DCD2BC07A05003F3E8C /* Release */ = {
			isa = XCBuildConfiguration;
			buildSettings = {
				ALWAYS_SEARCH_USER_PATHS = NO;
				ASSETCATALOG_COMPILER_GENERATE_SWIFT_ASSET_SYMBOL_EXTENSIONS = YES;
				CLANG_ANALYZER_NONNULL = YES;
				CLANG_ANALYZER_NUMBER_OBJECT_CONVERSION = YES_AGGRESSIVE;
				CLANG_CXX_LANGUAGE_STANDARD = "gnu++20";
				CLANG_ENABLE_MODULES = YES;
				CLANG_ENABLE_OBJC_ARC = YES;
				CLANG_ENABLE_OBJC_WEAK = YES;
				CLANG_WARN_BLOCK_CAPTURE_AUTORELEASING = YES;
				CLANG_WARN_BOOL_CONVERSION = YES;
				CLANG_WARN_COMMA = YES;
				CLANG_WARN_CONSTANT_CONVERSION = YES;
				CLANG_WARN_DEPRECATED_OBJC_IMPLEMENTATIONS = YES;
				CLANG_WARN_DIRECT_OBJC_ISA_USAGE = YES_ERROR;
				CLANG_WARN_DOCUMENTATION_COMMENTS = YES;
				CLANG_WARN_EMPTY_BODY = YES;
				CLANG_WARN_ENUM_CONVERSION = YES;
				CLANG_WARN_INFINITE_RECURSION = YES;
				CLANG_WARN_INT_CONVERSION = YES;
				CLANG_WARN_NON_LITERAL_NULL_CONVERSION = YES;
				CLANG_WARN_OBJC_IMPLICIT_RETAIN_SELF = YES;
				CLANG_WARN_OBJC_LITERAL_CONVERSION = YES;
				CLANG_WARN_OBJC_ROOT_CLASS = YES_ERROR;
				CLANG_WARN_QUOTED_INCLUDE_IN_FRAMEWORK_HEADER = YES;
				CLANG_WARN_RANGE_LOOP_ANALYSIS = YES;
				CLANG_WARN_STRICT_PROTOTYPES = YES;
				CLANG_WARN_SUSPICIOUS_MOVE = YES;
				CLANG_WARN_UNGUARDED_AVAILABILITY = YES_AGGRESSIVE;
				CLANG_WARN_UNREACHABLE_CODE = YES;
				CLANG_WARN__DUPLICATE_METHOD_MATCH = YES;
				COPY_PHASE_STRIP = NO;
				DEBUG_INFORMATION_FORMAT = "dwarf-with-dsym";
				ENABLE_NS_ASSERTIONS = NO;
				ENABLE_STRICT_OBJC_MSGSEND = YES;
				ENABLE_USER_SCRIPT_SANDBOXING = YES;
				GCC_C_LANGUAGE_STANDARD = gnu17;
				GCC_NO_COMMON_BLOCKS = YES;
				GCC_WARN_64_TO_32_BIT_CONVERSION = YES;
				GCC_WARN_ABOUT_RETURN_TYPE = YES_ERROR;
				GCC_WARN_UNDECLARED_SELECTOR = YES;
				GCC_WARN_UNINITIALIZED_AUTOS = YES_AGGRESSIVE;
				GCC_WARN_UNUSED_FUNCTION = YES;
				GCC_WARN_UNUSED_VARIABLE = YES;
				IPHONEOS_DEPLOYMENT_TARGET = 17.2;
				LOCALIZATION_PREFERS_STRING_CATALOGS = YES;
				MTL_ENABLE_DEBUG_INFO = NO;
				MTL_FAST_MATH = YES;
				SDKROOT = iphoneos;
				SWIFT_COMPILATION_MODE = wholemodule;
				VALIDATE_PRODUCT = YES;
			};
			name = Release;
		};
		27564DCF2BC07A05003F3E8C /* Debug */ = {
			isa = XCBuildConfiguration;
			buildSettings = {
				ASSETCATALOG_COMPILER_APPICON_NAME = AppIcon;
				ASSETCATALOG_COMPILER_GLOBAL_ACCENT_COLOR_NAME = AccentColor;
				CODE_SIGN_STYLE = Automatic;
				CURRENT_PROJECT_VERSION = 1;
				DEVELOPMENT_ASSET_PATHS = "\"NavigationStackDemo/Preview Content\"";
				DEVELOPMENT_TEAM = AWKXQ7BTK9;
				ENABLE_PREVIEWS = YES;
				GENERATE_INFOPLIST_FILE = YES;
				INFOPLIST_KEY_UIApplicationSceneManifest_Generation = YES;
				INFOPLIST_KEY_UIApplicationSupportsIndirectInputEvents = YES;
				INFOPLIST_KEY_UILaunchScreen_Generation = YES;
				INFOPLIST_KEY_UISupportedInterfaceOrientations_iPad = "UIInterfaceOrientationPortrait UIInterfaceOrientationPortraitUpsideDown UIInterfaceOrientationLandscapeLeft UIInterfaceOrientationLandscapeRight";
				INFOPLIST_KEY_UISupportedInterfaceOrientations_iPhone = "UIInterfaceOrientationPortrait UIInterfaceOrientationLandscapeLeft UIInterfaceOrientationLandscapeRight";
				LD_RUNPATH_SEARCH_PATHS = (
					"$(inherited)",
					"@executable_path/Frameworks",
				);
				MARKETING_VERSION = 1.0;
				PRODUCT_BUNDLE_IDENTIFIER = com.biztos.NavigationStackDemo;
				PRODUCT_NAME = "$(TARGET_NAME)";
				SWIFT_EMIT_LOC_STRINGS = YES;
				SWIFT_VERSION = 5.0;
				TARGETED_DEVICE_FAMILY = "1,2";
			};
			name = Debug;
		};
		27564DD02BC07A05003F3E8C /* Release */ = {
			isa = XCBuildConfiguration;
			buildSettings = {
				ASSETCATALOG_COMPILER_APPICON_NAME = AppIcon;
				ASSETCATALOG_COMPILER_GLOBAL_ACCENT_COLOR_NAME = AccentColor;
				CODE_SIGN_STYLE = Automatic;
				CURRENT_PROJECT_VERSION = 1;
				DEVELOPMENT_ASSET_PATHS = "\"NavigationStackDemo/Preview Content\"";
				DEVELOPMENT_TEAM = AWKXQ7BTK9;
				ENABLE_PREVIEWS = YES;
				GENERATE_INFOPLIST_FILE = YES;
				INFOPLIST_KEY_UIApplicationSceneManifest_Generation = YES;
				INFOPLIST_KEY_UIApplicationSupportsIndirectInputEvents = YES;
				INFOPLIST_KEY_UILaunchScreen_Generation = YES;
				INFOPLIST_KEY_UISupportedInterfaceOrientations_iPad = "UIInterfaceOrientationPortrait UIInterfaceOrientationPortraitUpsideDown UIInterfaceOrientationLandscapeLeft UIInterfaceOrientationLandscapeRight";
				INFOPLIST_KEY_UISupportedInterfaceOrientations_iPhone = "UIInterfaceOrientationPortrait UIInterfaceOrientationLandscapeLeft UIInterfaceOrientationLandscapeRight";
				LD_RUNPATH_SEARCH_PATHS = (
					"$(inherited)",
					"@executable_path/Frameworks",
				);
				MARKETING_VERSION = 1.0;
				PRODUCT_BUNDLE_IDENTIFIER = com.biztos.NavigationStackDemo;
				PRODUCT_NAME = "$(TARGET_NAME)";
				SWIFT_EMIT_LOC_STRINGS = YES;
				SWIFT_VERSION = 5.0;
				TARGETED_DEVICE_FAMILY = "1,2";
			};
			name = Release;
		};
		27564DD22BC07A05003F3E8C /* Debug */ = {
			isa = XCBuildConfiguration;
			buildSettings = {
				ALWAYS_EMBED_SWIFT_STANDARD_LIBRARIES = YES;
				BUNDLE_LOADER = "$(TEST_HOST)";
				CODE_SIGN_STYLE = Automatic;
				CURRENT_PROJECT_VERSION = 1;
				DEVELOPMENT_TEAM = AWKXQ7BTK9;
				GENERATE_INFOPLIST_FILE = YES;
				IPHONEOS_DEPLOYMENT_TARGET = 17.2;
				MARKETING_VERSION = 1.0;
				PRODUCT_BUNDLE_IDENTIFIER = com.biztos.NavigationStackDemoTests;
				PRODUCT_NAME = "$(TARGET_NAME)";
				SWIFT_EMIT_LOC_STRINGS = NO;
				SWIFT_VERSION = 5.0;
				TARGETED_DEVICE_FAMILY = "1,2";
				TEST_HOST = "$(BUILT_PRODUCTS_DIR)/NavigationStackDemo.app/$(BUNDLE_EXECUTABLE_FOLDER_PATH)/NavigationStackDemo";
			};
			name = Debug;
		};
		27564DD32BC07A05003F3E8C /* Release */ = {
			isa = XCBuildConfiguration;
			buildSettings = {
				ALWAYS_EMBED_SWIFT_STANDARD_LIBRARIES = YES;
				BUNDLE_LOADER = "$(TEST_HOST)";
				CODE_SIGN_STYLE = Automatic;
				CURRENT_PROJECT_VERSION = 1;
				DEVELOPMENT_TEAM = AWKXQ7BTK9;
				GENERATE_INFOPLIST_FILE = YES;
				IPHONEOS_DEPLOYMENT_TARGET = 17.2;
				MARKETING_VERSION = 1.0;
				PRODUCT_BUNDLE_IDENTIFIER = com.biztos.NavigationStackDemoTests;
				PRODUCT_NAME = "$(TARGET_NAME)";
				SWIFT_EMIT_LOC_STRINGS = NO;
				SWIFT_VERSION = 5.0;
				TARGETED_DEVICE_FAMILY = "1,2";
				TEST_HOST = "$(BUILT_PRODUCTS_DIR)/NavigationStackDemo.app/$(BUNDLE_EXECUTABLE_FOLDER_PATH)/NavigationStackDemo";
			};
			name = Release;
		};
		27564DD52BC07A05003F3E8C /* Debug */ = {
			isa = XCBuildConfiguration;
			buildSettings = {
				ALWAYS_EMBED_SWIFT_STANDARD_LIBRARIES = YES;
				CODE_SIGN_STYLE = Automatic;
				CURRENT_PROJECT_VERSION = 1;
				DEVELOPMENT_TEAM = AWKXQ7BTK9;
				GENERATE_INFOPLIST_FILE = YES;
				MARKETING_VERSION = 1.0;
				PRODUCT_BUNDLE_IDENTIFIER = com.biztos.NavigationStackDemoUITests;
				PRODUCT_NAME = "$(TARGET_NAME)";
				SWIFT_EMIT_LOC_STRINGS = NO;
				SWIFT_VERSION = 5.0;
				TARGETED_DEVICE_FAMILY = "1,2";
				TEST_TARGET_NAME = NavigationStackDemo;
			};
			name = Debug;
		};
		27564DD62BC07A05003F3E8C /* Release */ = {
			isa = XCBuildConfiguration;
			buildSettings = {
				ALWAYS_EMBED_SWIFT_STANDARD_LIBRARIES = YES;
				CODE_SIGN_STYLE = Automatic;
				CURRENT_PROJECT_VERSION = 1;
				DEVELOPMENT_TEAM = AWKXQ7BTK9;
				GENERATE_INFOPLIST_FILE = YES;
				MARKETING_VERSION = 1.0;
				PRODUCT_BUNDLE_IDENTIFIER = com.biztos.NavigationStackDemoUITests;
				PRODUCT_NAME = "$(TARGET_NAME)";
				SWIFT_EMIT_LOC_STRINGS = NO;
				SWIFT_VERSION = 5.0;
				TARGETED_DEVICE_FAMILY = "1,2";
				TEST_TARGET_NAME = NavigationStackDemo;
			};
			name = Release;
		};
/* End XCBuildConfiguration section */

/* Begin XCConfigurationList section */
		27564DA52BC07A03003F3E8C /* Build configuration list for PBXProject "NavigationStackDemo" */ = {
			isa = XCConfigurationList;
			buildConfigurations = (
				27564DCC2BC07A05003F3E8C /* Debug */,
				27564DCD2BC07A05003F3E8C /* Release */,
			);
			defaultConfigurationIsVisible = 0;
			defaultConfigurationName = Release;
		};
		27564DCE2BC07A05003F3E8C /* Build configuration list for PBXNativeTarget "NavigationStackDemo" */ = {
			isa = XCConfigurationList;
			buildConfigurations = (
				27564DCF2BC07A05003F3E8C /* Debug */,
				27564DD02BC07A05003F3E8C /* Release */,
			);
			defaultConfigurationIsVisible = 0;
			defaultConfigurationName = Release;
		};
		27564DD12BC07A05003F3E8C /* Build configuration list for PBXNativeTarget "NavigationStackDemoTests" */ = {
			isa = XCConfigurationList;
			buildConfigurations = (
				27564DD22BC07A05003F3E8C /* Debug */,
				27564DD32BC07A05003F3E8C /* Release */,
			);
			defaultConfigurationIsVisible = 0;
			defaultConfigurationName = Release;
		};
		27564DD42BC07A05003F3E8C /* Build configuration list for PBXNativeTarget "NavigationStackDemoUITests" */ = {
			isa = XCConfigurationList;
			buildConfigurations = (
				27564DD52BC07A05003F3E8C /* Debug */,
				27564DD62BC07A05003F3E8C /* Release */,
			);
			defaultConfigurationIsVisible = 0;
			defaultConfigurationName = Release;
		};
/* End XCConfigurationList section */
	};
	rootObject = 27564DA22BC07A03003F3E8C /* Project object */;
}
